// !$*UTF8*$!
{
	archiveVersion = 1;
	classes = {
	};
	objectVersion = 50;
	objects = {

/* Begin PBXBuildFile section */
		0A47E7D4251DFF5D008A31CB /* AppDelegate.swift in Sources */ = {isa = PBXBuildFile; fileRef = 0A47E7D3251DFF5D008A31CB /* AppDelegate.swift */; };
		0A47E7D6251DFF5D008A31CB /* SceneDelegate.swift in Sources */ = {isa = PBXBuildFile; fileRef = 0A47E7D5251DFF5D008A31CB /* SceneDelegate.swift */; };
		0A47E7D8251DFF5D008A31CB /* ViewController.swift in Sources */ = {isa = PBXBuildFile; fileRef = 0A47E7D7251DFF5D008A31CB /* ViewController.swift */; };
		0A47E7DB251DFF5D008A31CB /* Main.storyboard in Resources */ = {isa = PBXBuildFile; fileRef = 0A47E7D9251DFF5D008A31CB /* Main.storyboard */; };
		0A47E7DD251DFF61008A31CB /* Assets.xcassets in Resources */ = {isa = PBXBuildFile; fileRef = 0A47E7DC251DFF61008A31CB /* Assets.xcassets */; };
		0A47E7E0251DFF61008A31CB /* LaunchScreen.storyboard in Resources */ = {isa = PBXBuildFile; fileRef = 0A47E7DE251DFF61008A31CB /* LaunchScreen.storyboard */; };
		0A47E7EB251DFF61008A31CB /* soundeffectTests.swift in Sources */ = {isa = PBXBuildFile; fileRef = 0A47E7EA251DFF61008A31CB /* soundeffectTests.swift */; };
		0A47E7F6251DFF61008A31CB /* soundeffectUITests.swift in Sources */ = {isa = PBXBuildFile; fileRef = 0A47E7F5251DFF61008A31CB /* soundeffectUITests.swift */; };
		0AF694BC251E027B004A9306 /* shock1.mp3 in Resources */ = {isa = PBXBuildFile; fileRef = 0AF694B2251E027A004A9306 /* shock1.mp3 */; };
		0AF694BD251E027B004A9306 /* puyon1.mp3 in Resources */ = {isa = PBXBuildFile; fileRef = 0AF694B3251E027A004A9306 /* puyon1.mp3 */; };
		0AF694BE251E027B004A9306 /* nyu1.mp3 in Resources */ = {isa = PBXBuildFile; fileRef = 0AF694B4251E027A004A9306 /* nyu1.mp3 */; };
		0AF694BF251E027B004A9306 /* sceneswitch1.mp3 in Resources */ = {isa = PBXBuildFile; fileRef = 0AF694B5251E027A004A9306 /* sceneswitch1.mp3 */; };
		0AF694C0251E027B004A9306 /* tirin1.mp3 in Resources */ = {isa = PBXBuildFile; fileRef = 0AF694B6251E027B004A9306 /* tirin1.mp3 */; };
		0AF694C1251E027B004A9306 /* nyu3.mp3 in Resources */ = {isa = PBXBuildFile; fileRef = 0AF694B7251E027B004A9306 /* nyu3.mp3 */; };
		0AF694C2251E027B004A9306 /* nyu2.mp3 in Resources */ = {isa = PBXBuildFile; fileRef = 0AF694B8251E027B004A9306 /* nyu2.mp3 */; };
		0AF694C3251E027B004A9306 /* shakin1.mp3 in Resources */ = {isa = PBXBuildFile; fileRef = 0AF694B9251E027B004A9306 /* shakin1.mp3 */; };
		0AF694C4251E027B004A9306 /* eye-shine1.mp3 in Resources */ = {isa = PBXBuildFile; fileRef = 0AF694BA251E027B004A9306 /* eye-shine1.mp3 */; };
		0AF694C5251E027B004A9306 /* shine1.mp3 in Resources */ = {isa = PBXBuildFile; fileRef = 0AF694BB251E027B004A9306 /* shine1.mp3 */; };
/* End PBXBuildFile section */

/* Begin PBXContainerItemProxy section */
		0A47E7E7251DFF61008A31CB /* PBXContainerItemProxy */ = {
			isa = PBXContainerItemProxy;
			containerPortal = 0A47E7C8251DFF5D008A31CB /* Project object */;
			proxyType = 1;
			remoteGlobalIDString = 0A47E7CF251DFF5D008A31CB;
			remoteInfo = soundeffect;
		};
		0A47E7F2251DFF61008A31CB /* PBXContainerItemProxy */ = {
			isa = PBXContainerItemProxy;
			containerPortal = 0A47E7C8251DFF5D008A31CB /* Project object */;
			proxyType = 1;
			remoteGlobalIDString = 0A47E7CF251DFF5D008A31CB;
			remoteInfo = soundeffect;
		};
/* End PBXContainerItemProxy section */

/* Begin PBXFileReference section */
		0A47E7D0251DFF5D008A31CB /* soundeffect.app */ = {isa = PBXFileReference; explicitFileType = wrapper.application; includeInIndex = 0; path = soundeffect.app; sourceTree = BUILT_PRODUCTS_DIR; };
		0A47E7D3251DFF5D008A31CB /* AppDelegate.swift */ = {isa = PBXFileReference; lastKnownFileType = sourcecode.swift; path = AppDelegate.swift; sourceTree = "<group>"; };
		0A47E7D5251DFF5D008A31CB /* SceneDelegate.swift */ = {isa = PBXFileReference; lastKnownFileType = sourcecode.swift; path = SceneDelegate.swift; sourceTree = "<group>"; };
		0A47E7D7251DFF5D008A31CB /* ViewController.swift */ = {isa = PBXFileReference; lastKnownFileType = sourcecode.swift; path = ViewController.swift; sourceTree = "<group>"; };
		0A47E7DA251DFF5D008A31CB /* Base */ = {isa = PBXFileReference; lastKnownFileType = file.storyboard; name = Base; path = Base.lproj/Main.storyboard; sourceTree = "<group>"; };
		0A47E7DC251DFF61008A31CB /* Assets.xcassets */ = {isa = PBXFileReference; lastKnownFileType = folder.assetcatalog; path = Assets.xcassets; sourceTree = "<group>"; };
		0A47E7DF251DFF61008A31CB /* Base */ = {isa = PBXFileReference; lastKnownFileType = file.storyboard; name = Base; path = Base.lproj/LaunchScreen.storyboard; sourceTree = "<group>"; };
		0A47E7E1251DFF61008A31CB /* Info.plist */ = {isa = PBXFileReference; lastKnownFileType = text.plist.xml; path = Info.plist; sourceTree = "<group>"; };
		0A47E7E6251DFF61008A31CB /* soundeffectTests.xctest */ = {isa = PBXFileReference; explicitFileType = wrapper.cfbundle; includeInIndex = 0; path = soundeffectTests.xctest; sourceTree = BUILT_PRODUCTS_DIR; };
		0A47E7EA251DFF61008A31CB /* soundeffectTests.swift */ = {isa = PBXFileReference; lastKnownFileType = sourcecode.swift; path = soundeffectTests.swift; sourceTree = "<group>"; };
		0A47E7EC251DFF61008A31CB /* Info.plist */ = {isa = PBXFileReference; lastKnownFileType = text.plist.xml; path = Info.plist; sourceTree = "<group>"; };
		0A47E7F1251DFF61008A31CB /* soundeffectUITests.xctest */ = {isa = PBXFileReference; explicitFileType = wrapper.cfbundle; includeInIndex = 0; path = soundeffectUITests.xctest; sourceTree = BUILT_PRODUCTS_DIR; };
		0A47E7F5251DFF61008A31CB /* soundeffectUITests.swift */ = {isa = PBXFileReference; lastKnownFileType = sourcecode.swift; path = soundeffectUITests.swift; sourceTree = "<group>"; };
		0A47E7F7251DFF61008A31CB /* Info.plist */ = {isa = PBXFileReference; lastKnownFileType = text.plist.xml; path = Info.plist; sourceTree = "<group>"; };
		0AF694B2251E027A004A9306 /* shock1.mp3 */ = {isa = PBXFileReference; lastKnownFileType = audio.mp3; path = shock1.mp3; sourceTree = "<group>"; };
		0AF694B3251E027A004A9306 /* puyon1.mp3 */ = {isa = PBXFileReference; lastKnownFileType = audio.mp3; path = puyon1.mp3; sourceTree = "<group>"; };
		0AF694B4251E027A004A9306 /* nyu1.mp3 */ = {isa = PBXFileReference; lastKnownFileType = audio.mp3; path = nyu1.mp3; sourceTree = "<group>"; };
		0AF694B5251E027A004A9306 /* sceneswitch1.mp3 */ = {isa = PBXFileReference; lastKnownFileType = audio.mp3; path = sceneswitch1.mp3; sourceTree = "<group>"; };
		0AF694B6251E027B004A9306 /* tirin1.mp3 */ = {isa = PBXFileReference; lastKnownFileType = audio.mp3; path = tirin1.mp3; sourceTree = "<group>"; };
		0AF694B7251E027B004A9306 /* nyu3.mp3 */ = {isa = PBXFileReference; lastKnownFileType = audio.mp3; path = nyu3.mp3; sourceTree = "<group>"; };
		0AF694B8251E027B004A9306 /* nyu2.mp3 */ = {isa = PBXFileReference; lastKnownFileType = audio.mp3; path = nyu2.mp3; sourceTree = "<group>"; };
		0AF694B9251E027B004A9306 /* shakin1.mp3 */ = {isa = PBXFileReference; lastKnownFileType = audio.mp3; path = shakin1.mp3; sourceTree = "<group>"; };
		0AF694BA251E027B004A9306 /* eye-shine1.mp3 */ = {isa = PBXFileReference; lastKnownFileType = audio.mp3; path = "eye-shine1.mp3"; sourceTree = "<group>"; };
		0AF694BB251E027B004A9306 /* shine1.mp3 */ = {isa = PBXFileReference; lastKnownFileType = audio.mp3; path = shine1.mp3; sourceTree = "<group>"; };
/* End PBXFileReference section */

/* Begin PBXFrameworksBuildPhase section */
		0A47E7CD251DFF5D008A31CB /* Frameworks */ = {
			isa = PBXFrameworksBuildPhase;
			buildActionMask = 2147483647;
			files = (
			);
			runOnlyForDeploymentPostprocessing = 0;
		};
		0A47E7E3251DFF61008A31CB /* Frameworks */ = {
			isa = PBXFrameworksBuildPhase;
			buildActionMask = 2147483647;
			files = (
			);
			runOnlyForDeploymentPostprocessing = 0;
		};
		0A47E7EE251DFF61008A31CB /* Frameworks */ = {
			isa = PBXFrameworksBuildPhase;
			buildActionMask = 2147483647;
			files = (
			);
			runOnlyForDeploymentPostprocessing = 0;
		};
/* End PBXFrameworksBuildPhase section */

/* Begin PBXGroup section */
		0A47E7C7251DFF5D008A31CB = {
			isa = PBXGroup;
			children = (
				0A47E7D2251DFF5D008A31CB /* soundeffect */,
				0A47E7E9251DFF61008A31CB /* soundeffectTests */,
				0A47E7F4251DFF61008A31CB /* soundeffectUITests */,
				0A47E7D1251DFF5D008A31CB /* Products */,
			);
			sourceTree = "<group>";
		};
		0A47E7D1251DFF5D008A31CB /* Products */ = {
			isa = PBXGroup;
			children = (
				0A47E7D0251DFF5D008A31CB /* soundeffect.app */,
				0A47E7E6251DFF61008A31CB /* soundeffectTests.xctest */,
				0A47E7F1251DFF61008A31CB /* soundeffectUITests.xctest */,
			);
			name = Products;
			sourceTree = "<group>";
		};
		0A47E7D2251DFF5D008A31CB /* soundeffect */ = {
			isa = PBXGroup;
			children = (
				0A47E7D3251DFF5D008A31CB /* AppDelegate.swift */,
				0A47E7D5251DFF5D008A31CB /* SceneDelegate.swift */,
				0A47E7D7251DFF5D008A31CB /* ViewController.swift */,
				0A47E7D9251DFF5D008A31CB /* Main.storyboard */,
				0AF694BA251E027B004A9306 /* eye-shine1.mp3 */,
				0AF694B4251E027A004A9306 /* nyu1.mp3 */,
				0AF694B8251E027B004A9306 /* nyu2.mp3 */,
				0AF694B7251E027B004A9306 /* nyu3.mp3 */,
				0AF694B3251E027A004A9306 /* puyon1.mp3 */,
				0AF694B5251E027A004A9306 /* sceneswitch1.mp3 */,
				0AF694B9251E027B004A9306 /* shakin1.mp3 */,
				0AF694BB251E027B004A9306 /* shine1.mp3 */,
				0AF694B2251E027A004A9306 /* shock1.mp3 */,
				0AF694B6251E027B004A9306 /* tirin1.mp3 */,
				0A47E7DC251DFF61008A31CB /* Assets.xcassets */,
				0A47E7DE251DFF61008A31CB /* LaunchScreen.storyboard */,
				0A47E7E1251DFF61008A31CB /* Info.plist */,
			);
			path = soundeffect;
			sourceTree = "<group>";
		};
		0A47E7E9251DFF61008A31CB /* soundeffectTests */ = {
			isa = PBXGroup;
			children = (
				0A47E7EA251DFF61008A31CB /* soundeffectTests.swift */,
				0A47E7EC251DFF61008A31CB /* Info.plist */,
			);
			path = soundeffectTests;
			sourceTree = "<group>";
		};
		0A47E7F4251DFF61008A31CB /* soundeffectUITests */ = {
			isa = PBXGroup;
			children = (
				0A47E7F5251DFF61008A31CB /* soundeffectUITests.swift */,
				0A47E7F7251DFF61008A31CB /* Info.plist */,
			);
			path = soundeffectUITests;
			sourceTree = "<group>";
		};
/* End PBXGroup section */

/* Begin PBXNativeTarget section */
		0A47E7CF251DFF5D008A31CB /* soundeffect */ = {
			isa = PBXNativeTarget;
			buildConfigurationList = 0A47E7FA251DFF61008A31CB /* Build configuration list for PBXNativeTarget "soundeffect" */;
			buildPhases = (
				0A47E7CC251DFF5D008A31CB /* Sources */,
				0A47E7CD251DFF5D008A31CB /* Frameworks */,
				0A47E7CE251DFF5D008A31CB /* Resources */,
			);
			buildRules = (
			);
			dependencies = (
			);
			name = soundeffect;
			productName = soundeffect;
			productReference = 0A47E7D0251DFF5D008A31CB /* soundeffect.app */;
			productType = "com.apple.product-type.application";
		};
		0A47E7E5251DFF61008A31CB /* soundeffectTests */ = {
			isa = PBXNativeTarget;
			buildConfigurationList = 0A47E7FD251DFF61008A31CB /* Build configuration list for PBXNativeTarget "soundeffectTests" */;
			buildPhases = (
				0A47E7E2251DFF61008A31CB /* Sources */,
				0A47E7E3251DFF61008A31CB /* Frameworks */,
				0A47E7E4251DFF61008A31CB /* Resources */,
			);
			buildRules = (
			);
			dependencies = (
				0A47E7E8251DFF61008A31CB /* PBXTargetDependency */,
			);
			name = soundeffectTests;
			productName = soundeffectTests;
			productReference = 0A47E7E6251DFF61008A31CB /* soundeffectTests.xctest */;
			productType = "com.apple.product-type.bundle.unit-test";
		};
		0A47E7F0251DFF61008A31CB /* soundeffectUITests */ = {
			isa = PBXNativeTarget;
			buildConfigurationList = 0A47E800251DFF61008A31CB /* Build configuration list for PBXNativeTarget "soundeffectUITests" */;
			buildPhases = (
				0A47E7ED251DFF61008A31CB /* Sources */,
				0A47E7EE251DFF61008A31CB /* Frameworks */,
				0A47E7EF251DFF61008A31CB /* Resources */,
			);
			buildRules = (
			);
			dependencies = (
				0A47E7F3251DFF61008A31CB /* PBXTargetDependency */,
			);
			name = soundeffectUITests;
			productName = soundeffectUITests;
			productReference = 0A47E7F1251DFF61008A31CB /* soundeffectUITests.xctest */;
			productType = "com.apple.product-type.bundle.ui-testing";
		};
/* End PBXNativeTarget section */

/* Begin PBXProject section */
		0A47E7C8251DFF5D008A31CB /* Project object */ = {
			isa = PBXProject;
			attributes = {
				LastSwiftUpdateCheck = 1200;
				LastUpgradeCheck = 1200;
				TargetAttributes = {
					0A47E7CF251DFF5D008A31CB = {
						CreatedOnToolsVersion = 12.0;
					};
					0A47E7E5251DFF61008A31CB = {
						CreatedOnToolsVersion = 12.0;
						TestTargetID = 0A47E7CF251DFF5D008A31CB;
					};
					0A47E7F0251DFF61008A31CB = {
						CreatedOnToolsVersion = 12.0;
						TestTargetID = 0A47E7CF251DFF5D008A31CB;
					};
				};
			};
			buildConfigurationList = 0A47E7CB251DFF5D008A31CB /* Build configuration list for PBXProject "soundeffect" */;
			compatibilityVersion = "Xcode 9.3";
			developmentRegion = en;
			hasScannedForEncodings = 0;
			knownRegions = (
				en,
				Base,
			);
			mainGroup = 0A47E7C7251DFF5D008A31CB;
			productRefGroup = 0A47E7D1251DFF5D008A31CB /* Products */;
			projectDirPath = "";
			projectRoot = "";
			targets = (
				0A47E7CF251DFF5D008A31CB /* soundeffect */,
				0A47E7E5251DFF61008A31CB /* soundeffectTests */,
				0A47E7F0251DFF61008A31CB /* soundeffectUITests */,
			);
		};
/* End PBXProject section */

/* Begin PBXResourcesBuildPhase section */
		0A47E7CE251DFF5D008A31CB /* Resources */ = {
			isa = PBXResourcesBuildPhase;
			buildActionMask = 2147483647;
			files = (
				0AF694C5251E027B004A9306 /* shine1.mp3 in Resources */,
				0A47E7E0251DFF61008A31CB /* LaunchScreen.storyboard in Resources */,
				0AF694BC251E027B004A9306 /* shock1.mp3 in Resources */,
				0AF694C1251E027B004A9306 /* nyu3.mp3 in Resources */,
				0AF694BD251E027B004A9306 /* puyon1.mp3 in Resources */,
				0AF694C4251E027B004A9306 /* eye-shine1.mp3 in Resources */,
				0A47E7DD251DFF61008A31CB /* Assets.xcassets in Resources */,
				0A47E7DB251DFF5D008A31CB /* Main.storyboard in Resources */,
				0AF694C3251E027B004A9306 /* shakin1.mp3 in Resources */,
				0AF694C2251E027B004A9306 /* nyu2.mp3 in Resources */,
				0AF694BF251E027B004A9306 /* sceneswitch1.mp3 in Resources */,
				0AF694BE251E027B004A9306 /* nyu1.mp3 in Resources */,
				0AF694C0251E027B004A9306 /* tirin1.mp3 in Resources */,
			);
			runOnlyForDeploymentPostprocessing = 0;
		};
		0A47E7E4251DFF61008A31CB /* Resources */ = {
			isa = PBXResourcesBuildPhase;
			buildActionMask = 2147483647;
			files = (
			);
			runOnlyForDeploymentPostprocessing = 0;
		};
		0A47E7EF251DFF61008A31CB /* Resources */ = {
			isa = PBXResourcesBuildPhase;
			buildActionMask = 2147483647;
			files = (
			);
			runOnlyForDeploymentPostprocessing = 0;
		};
/* End PBXResourcesBuildPhase section */

/* Begin PBXSourcesBuildPhase section */
		0A47E7CC251DFF5D008A31CB /* Sources */ = {
			isa = PBXSourcesBuildPhase;
			buildActionMask = 2147483647;
			files = (
				0A47E7D8251DFF5D008A31CB /* ViewController.swift in Sources */,
				0A47E7D4251DFF5D008A31CB /* AppDelegate.swift in Sources */,
				0A47E7D6251DFF5D008A31CB /* SceneDelegate.swift in Sources */,
			);
			runOnlyForDeploymentPostprocessing = 0;
		};
		0A47E7E2251DFF61008A31CB /* Sources */ = {
			isa = PBXSourcesBuildPhase;
			buildActionMask = 2147483647;
			files = (
				0A47E7EB251DFF61008A31CB /* soundeffectTests.swift in Sources */,
			);
			runOnlyForDeploymentPostprocessing = 0;
		};
		0A47E7ED251DFF61008A31CB /* Sources */ = {
			isa = PBXSourcesBuildPhase;
			buildActionMask = 2147483647;
			files = (
				0A47E7F6251DFF61008A31CB /* soundeffectUITests.swift in Sources */,
			);
			runOnlyForDeploymentPostprocessing = 0;
		};
/* End PBXSourcesBuildPhase section */

/* Begin PBXTargetDependency section */
		0A47E7E8251DFF61008A31CB /* PBXTargetDependency */ = {
			isa = PBXTargetDependency;
			target = 0A47E7CF251DFF5D008A31CB /* soundeffect */;
			targetProxy = 0A47E7E7251DFF61008A31CB /* PBXContainerItemProxy */;
		};
		0A47E7F3251DFF61008A31CB /* PBXTargetDependency */ = {
			isa = PBXTargetDependency;
			target = 0A47E7CF251DFF5D008A31CB /* soundeffect */;
			targetProxy = 0A47E7F2251DFF61008A31CB /* PBXContainerItemProxy */;
		};
/* End PBXTargetDependency section */

/* Begin PBXVariantGroup section */
		0A47E7D9251DFF5D008A31CB /* Main.storyboard */ = {
			isa = PBXVariantGroup;
			children = (
				0A47E7DA251DFF5D008A31CB /* Base */,
			);
			name = Main.storyboard;
			sourceTree = "<group>";
		};
		0A47E7DE251DFF61008A31CB /* LaunchScreen.storyboard */ = {
			isa = PBXVariantGroup;
			children = (
				0A47E7DF251DFF61008A31CB /* Base */,
			);
			name = LaunchScreen.storyboard;
			sourceTree = "<group>";
		};
/* End PBXVariantGroup section */

/* Begin XCBuildConfiguration section */
		0A47E7F8251DFF61008A31CB /* Debug */ = {
			isa = XCBuildConfiguration;
			buildSettings = {
				ALWAYS_SEARCH_USER_PATHS = NO;
				CLANG_ANALYZER_NONNULL = YES;
				CLANG_ANALYZER_NUMBER_OBJECT_CONVERSION = YES_AGGRESSIVE;
				CLANG_CXX_LANGUAGE_STANDARD = "gnu++14";
				CLANG_CXX_LIBRARY = "libc++";
				CLANG_ENABLE_MODULES = YES;
				CLANG_ENABLE_OBJC_ARC = YES;
				CLANG_ENABLE_OBJC_WEAK = YES;
				CLANG_WARN_BLOCK_CAPTURE_AUTORELEASING = YES;
				CLANG_WARN_BOOL_CONVERSION = YES;
				CLANG_WARN_COMMA = YES;
				CLANG_WARN_CONSTANT_CONVERSION = YES;
				CLANG_WARN_DEPRECATED_OBJC_IMPLEMENTATIONS = YES;
				CLANG_WARN_DIRECT_OBJC_ISA_USAGE = YES_ERROR;
				CLANG_WARN_DOCUMENTATION_COMMENTS = YES;
				CLANG_WARN_EMPTY_BODY = YES;
				CLANG_WARN_ENUM_CONVERSION = YES;
				CLANG_WARN_INFINITE_RECURSION = YES;
				CLANG_WARN_INT_CONVERSION = YES;
				CLANG_WARN_NON_LITERAL_NULL_CONVERSION = YES;
				CLANG_WARN_OBJC_IMPLICIT_RETAIN_SELF = YES;
				CLANG_WARN_OBJC_LITERAL_CONVERSION = YES;
				CLANG_WARN_OBJC_ROOT_CLASS = YES_ERROR;
				CLANG_WARN_QUOTED_INCLUDE_IN_FRAMEWORK_HEADER = YES;
				CLANG_WARN_RANGE_LOOP_ANALYSIS = YES;
				CLANG_WARN_STRICT_PROTOTYPES = YES;
				CLANG_WARN_SUSPICIOUS_MOVE = YES;
				CLANG_WARN_UNGUARDED_AVAILABILITY = YES_AGGRESSIVE;
				CLANG_WARN_UNREACHABLE_CODE = YES;
				CLANG_WARN__DUPLICATE_METHOD_MATCH = YES;
				COPY_PHASE_STRIP = NO;
				DEBUG_INFORMATION_FORMAT = dwarf;
				ENABLE_STRICT_OBJC_MSGSEND = YES;
				ENABLE_TESTABILITY = YES;
				GCC_C_LANGUAGE_STANDARD = gnu11;
				GCC_DYNAMIC_NO_PIC = NO;
				GCC_NO_COMMON_BLOCKS = YES;
				GCC_OPTIMIZATION_LEVEL = 0;
				GCC_PREPROCESSOR_DEFINITIONS = (
					"DEBUG=1",
					"$(inherited)",
				);
				GCC_WARN_64_TO_32_BIT_CONVERSION = YES;
				GCC_WARN_ABOUT_RETURN_TYPE = YES_ERROR;
				GCC_WARN_UNDECLARED_SELECTOR = YES;
				GCC_WARN_UNINITIALIZED_AUTOS = YES_AGGRESSIVE;
				GCC_WARN_UNUSED_FUNCTION = YES;
				GCC_WARN_UNUSED_VARIABLE = YES;
				IPHONEOS_DEPLOYMENT_TARGET = 14.0;
				MTL_ENABLE_DEBUG_INFO = INCLUDE_SOURCE;
				MTL_FAST_MATH = YES;
				ONLY_ACTIVE_ARCH = YES;
				SDKROOT = iphoneos;
				SWIFT_ACTIVE_COMPILATION_CONDITIONS = DEBUG;
				SWIFT_OPTIMIZATION_LEVEL = "-Onone";
			};
			name = Debug;
		};
		0A47E7F9251DFF61008A31CB /* Release */ = {
			isa = XCBuildConfiguration;
			buildSettings = {
				ALWAYS_SEARCH_USER_PATHS = NO;
				CLANG_ANALYZER_NONNULL = YES;
				CLANG_ANALYZER_NUMBER_OBJECT_CONVERSION = YES_AGGRESSIVE;
				CLANG_CXX_LANGUAGE_STANDARD = "gnu++14";
				CLANG_CXX_LIBRARY = "libc++";
				CLANG_ENABLE_MODULES = YES;
				CLANG_ENABLE_OBJC_ARC = YES;
				CLANG_ENABLE_OBJC_WEAK = YES;
				CLANG_WARN_BLOCK_CAPTURE_AUTORELEASING = YES;
				CLANG_WARN_BOOL_CONVERSION = YES;
				CLANG_WARN_COMMA = YES;
				CLANG_WARN_CONSTANT_CONVERSION = YES;
				CLANG_WARN_DEPRECATED_OBJC_IMPLEMENTATIONS = YES;
				CLANG_WARN_DIRECT_OBJC_ISA_USAGE = YES_ERROR;
				CLANG_WARN_DOCUMENTATION_COMMENTS = YES;
				CLANG_WARN_EMPTY_BODY = YES;
				CLANG_WARN_ENUM_CONVERSION = YES;
				CLANG_WARN_INFINITE_RECURSION = YES;
				CLANG_WARN_INT_CONVERSION = YES;
				CLANG_WARN_NON_LITERAL_NULL_CONVERSION = YES;
				CLANG_WARN_OBJC_IMPLICIT_RETAIN_SELF = YES;
				CLANG_WARN_OBJC_LITERAL_CONVERSION = YES;
				CLANG_WARN_OBJC_ROOT_CLASS = YES_ERROR;
				CLANG_WARN_QUOTED_INCLUDE_IN_FRAMEWORK_HEADER = YES;
				CLANG_WARN_RANGE_LOOP_ANALYSIS = YES;
				CLANG_WARN_STRICT_PROTOTYPES = YES;
				CLANG_WARN_SUSPICIOUS_MOVE = YES;
				CLANG_WARN_UNGUARDED_AVAILABILITY = YES_AGGRESSIVE;
				CLANG_WARN_UNREACHABLE_CODE = YES;
				CLANG_WARN__DUPLICATE_METHOD_MATCH = YES;
				COPY_PHASE_STRIP = NO;
				DEBUG_INFORMATION_FORMAT = "dwarf-with-dsym";
				ENABLE_NS_ASSERTIONS = NO;
				ENABLE_STRICT_OBJC_MSGSEND = YES;
				GCC_C_LANGUAGE_STANDARD = gnu11;
				GCC_NO_COMMON_BLOCKS = YES;
				GCC_WARN_64_TO_32_BIT_CONVERSION = YES;
				GCC_WARN_ABOUT_RETURN_TYPE = YES_ERROR;
				GCC_WARN_UNDECLARED_SELECTOR = YES;
				GCC_WARN_UNINITIALIZED_AUTOS = YES_AGGRESSIVE;
				GCC_WARN_UNUSED_FUNCTION = YES;
				GCC_WARN_UNUSED_VARIABLE = YES;
				IPHONEOS_DEPLOYMENT_TARGET = 14.0;
				MTL_ENABLE_DEBUG_INFO = NO;
				MTL_FAST_MATH = YES;
				SDKROOT = iphoneos;
				SWIFT_COMPILATION_MODE = wholemodule;
				SWIFT_OPTIMIZATION_LEVEL = "-O";
				VALIDATE_PRODUCT = YES;
			};
			name = Release;
		};
		0A47E7FB251DFF61008A31CB /* Debug */ = {
			isa = XCBuildConfiguration;
			buildSettings = {
				ASSETCATALOG_COMPILER_APPICON_NAME = AppIcon;
				ASSETCATALOG_COMPILER_GLOBAL_ACCENT_COLOR_NAME = AccentColor;
				CODE_SIGN_STYLE = Automatic;
				DEVELOPMENT_TEAM = 3V8797S66Q;
				INFOPLIST_FILE = soundeffect/Info.plist;
				LD_RUNPATH_SEARCH_PATHS = (
					"$(inherited)",
					"@executable_path/Frameworks",
				);
				PRODUCT_BUNDLE_IDENTIFIER = sugijo.soundeffect;
				PRODUCT_NAME = "$(TARGET_NAME)";
				SWIFT_VERSION = 5.0;
				TARGETED_DEVICE_FAMILY = "1,2";
			};
			name = Debug;
		};
		0A47E7FC251DFF61008A31CB /* Release */ = {
			isa = XCBuildConfiguration;
			buildSettings = {
				ASSETCATALOG_COMPILER_APPICON_NAME = AppIcon;
				ASSETCATALOG_COMPILER_GLOBAL_ACCENT_COLOR_NAME = AccentColor;
				CODE_SIGN_STYLE = Automatic;
				DEVELOPMENT_TEAM = 3V8797S66Q;
				INFOPLIST_FILE = soundeffect/Info.plist;
				LD_RUNPATH_SEARCH_PATHS = (
					"$(inherited)",
					"@executable_path/Frameworks",
				);
				PRODUCT_BUNDLE_IDENTIFIER = sugijo.soundeffect;
				PRODUCT_NAME = "$(TARGET_NAME)";
				SWIFT_VERSION = 5.0;
				TARGETED_DEVICE_FAMILY = "1,2";
			};
			name = Release;
		};
		0A47E7FE251DFF61008A31CB /* Debug */ = {
			isa = XCBuildConfiguration;
			buildSettings = {
				ALWAYS_EMBED_SWIFT_STANDARD_LIBRARIES = YES;
				BUNDLE_LOADER = "$(TEST_HOST)";
				CODE_SIGN_STYLE = Automatic;
				DEVELOPMENT_TEAM = 3V8797S66Q;
				INFOPLIST_FILE = soundeffectTests/Info.plist;
				IPHONEOS_DEPLOYMENT_TARGET = 14.0;
				LD_RUNPATH_SEARCH_PATHS = (
					"$(inherited)",
					"@executable_path/Frameworks",
					"@loader_path/Frameworks",
				);
				PRODUCT_BUNDLE_IDENTIFIER = sugijo.soundeffectTests;
				PRODUCT_NAME = "$(TARGET_NAME)";
				SWIFT_VERSION = 5.0;
				TARGETED_DEVICE_FAMILY = "1,2";
				TEST_HOST = "$(BUILT_PRODUCTS_DIR)/soundeffect.app/soundeffect";
			};
			name = Debug;
		};
		0A47E7FF251DFF61008A31CB /* Release */ = {
			isa = XCBuildConfiguration;
			buildSettings = {
				ALWAYS_EMBED_SWIFT_STANDARD_LIBRARIES = YES;
				BUNDLE_LOADER = "$(TEST_HOST)";
				CODE_SIGN_STYLE = Automatic;
				DEVELOPMENT_TEAM = 3V8797S66Q;
				INFOPLIST_FILE = soundeffectTests/Info.plist;
				IPHONEOS_DEPLOYMENT_TARGET = 14.0;
				LD_RUNPATH_SEARCH_PATHS = (
					"$(inherited)",
					"@executable_path/Frameworks",
					"@loader_path/Frameworks",
				);
				PRODUCT_BUNDLE_IDENTIFIER = sugijo.soundeffectTests;
				PRODUCT_NAME = "$(TARGET_NAME)";
				SWIFT_VERSION = 5.0;
				TARGETED_DEVICE_FAMILY = "1,2";
				TEST_HOST = "$(BUILT_PRODUCTS_DIR)/soundeffect.app/soundeffect";
			};
			name = Release;
		};
		0A47E801251DFF61008A31CB /* Debug */ = {
			isa = XCBuildConfiguration;
			buildSettings = {
				ALWAYS_EMBED_SWIFT_STANDARD_LIBRARIES = YES;
				CODE_SIGN_STYLE = Automatic;
				DEVELOPMENT_TEAM = 3V8797S66Q;
				INFOPLIST_FILE = soundeffectUITests/Info.plist;
				LD_RUNPATH_SEARCH_PATHS = (
					"$(inherited)",
					"@executable_path/Frameworks",
					"@loader_path/Frameworks",
				);
				PRODUCT_BUNDLE_IDENTIFIER = sugijo.soundeffectUITests;
				PRODUCT_NAME = "$(TARGET_NAME)";
				SWIFT_VERSION = 5.0;
				TARGETED_DEVICE_FAMILY = "1,2";
				TEST_TARGET_NAME = soundeffect;
			};
			name = Debug;
		};
		0A47E802251DFF61008A31CB /* Release */ = {
			isa = XCBuildConfiguration;
			buildSettings = {
				ALWAYS_EMBED_SWIFT_STANDARD_LIBRARIES = YES;
				CODE_SIGN_STYLE = Automatic;
				DEVELOPMENT_TEAM = 3V8797S66Q;
				INFOPLIST_FILE = soundeffectUITests/Info.plist;
				LD_RUNPATH_SEARCH_PATHS = (
					"$(inherited)",
					"@executable_path/Frameworks",
					"@loader_path/Frameworks",
				);
				PRODUCT_BUNDLE_IDENTIFIER = sugijo.soundeffectUITests;
				PRODUCT_NAME = "$(TARGET_NAME)";
				SWIFT_VERSION = 5.0;
				TARGETED_DEVICE_FAMILY = "1,2";
				TEST_TARGET_NAME = soundeffect;
			};
			name = Release;
		};
/* End XCBuildConfiguration section */

/* Begin XCConfigurationList section */
		0A47E7CB251DFF5D008A31CB /* Build configuration list for PBXProject "soundeffect" */ = {
			isa = XCConfigurationList;
			buildConfigurations = (
				0A47E7F8251DFF61008A31CB /* Debug */,
				0A47E7F9251DFF61008A31CB /* Release */,
			);
			defaultConfigurationIsVisible = 0;
			defaultConfigurationName = Release;
		};
		0A47E7FA251DFF61008A31CB /* Build configuration list for PBXNativeTarget "soundeffect" */ = {
			isa = XCConfigurationList;
			buildConfigurations = (
				0A47E7FB251DFF61008A31CB /* Debug */,
				0A47E7FC251DFF61008A31CB /* Release */,
			);
			defaultConfigurationIsVisible = 0;
			defaultConfigurationName = Release;
		};
		0A47E7FD251DFF61008A31CB /* Build configuration list for PBXNativeTarget "soundeffectTests" */ = {
			isa = XCConfigurationList;
			buildConfigurations = (
				0A47E7FE251DFF61008A31CB /* Debug */,
				0A47E7FF251DFF61008A31CB /* Release */,
			);
			defaultConfigurationIsVisible = 0;
			defaultConfigurationName = Release;
		};
		0A47E800251DFF61008A31CB /* Build configuration list for PBXNativeTarget "soundeffectUITests" */ = {
			isa = XCConfigurationList;
			buildConfigurations = (
				0A47E801251DFF61008A31CB /* Debug */,
				0A47E802251DFF61008A31CB /* Release */,
			);
			defaultConfigurationIsVisible = 0;
			defaultConfigurationName = Release;
		};
/* End XCConfigurationList section */
	};
	rootObject = 0A47E7C8251DFF5D008A31CB /* Project object */;
}
